github.com/Microsoft/go-winio v0.4.5/go.mod h1:VhR8bwka0BXejwEJY73c50VrPtXAaKcyvVC4A4RozmA=
github.com/docker/distribution v2.6.2+incompatible h1:4FI6af79dfCS/CYb+RRtkSHw3q1L/bnDjG1PcPZtQhM=
github.com/docker/distribution v2.6.2+incompatible/go.mod h1:J2gT2udsDAN96Uj4KfcMRqY0/ypR+oyYUYmja8H+y+w=
github.com/docker/docker v1.13.1 h1:IkZjBSIc8hBjLpqeAbeE5mca5mNgeatLHBy3GO78BWo=
github.com/docker/docker v1.13.1/go.mod h1:eEKB0N0r5NX/I1kEveEz05bcu8tLC/8azJZsviup8Sk=
github.com/docker/go-connections v0.3.0/go.mod h1:Gbd7IOopHjR8Iph03tsViu4nIes5XhDvyHbTtUxmeec=
github.com/docker/go-connections v0.4.0 h1:El9xVISelRB7BuFusrZozjnkIM5YnzCViNKohAFqRJQ=
github.com/docker/go-connections v0.4.0/go.mod h1:Gbd7IOopHjR8Iph03tsViu4nIes5XhDvyHbTtUxmeec=
github.com/docker/go-units v0.3.2 h1:Kjm80apys7gTtfVmCvVY8gwu10uofaFSrmAKOVrtueE=
github.com/docker/go-units v0.3.2/go.mod h1:fgPhTUdO+D/Jk86RDLlptpiXQzgHJF7gydDDbaIK4Dk=
github.com/google/uuid v1.1.1 h1:Gkbcsh/GbpXz7lPftLA3P6TYMwjCLYm83jiFQZF/3gY=
github.com/google/uuid v1.1.1/go.mod h1:TIyPZe4MgqvfeYDBFedMoGGpEw/LqOeaOT+nhxU+yHo=
github.com/normegil/connectionutils v0.0.0-20171026101741-a72578421297/go.mod h1:Wg3I6KoBLBqiRi+3zOV+8RzWUWOELhGNcdP4qhWTaq4=
github.com/normegil/connectionutils v0.0.0-20181220171258-4a33da0f3393 h1:rPmUUOtsTcplNyiU41Pv5VIHeNwWRDGNeK2R1XIpC74=
github.com/normegil/connectionutils v0.0.0-20181220171258-4a33da0f3393/go.mod h1:HGlsbTypVbqTvXvzx9r1LhC1IxCFnt31s0iIormL5cY=
github.com/normegil/interval v0.0.0-20171026093926-6a4db9690b8f/go.mod h1:qxrFXI9nxijCZQtqs/tMWabV7E7yRMMW82Y6dwShmbY=
github.com/normegil/interval v0.0.0-20181220165130-6c2976dd2323 h1:DZ8xMvvMQ0aq7psx4DqQ7rZjQEA0iIWJNMDoLtJZ/gU=
github.com/normegil/interval v0.0.0-20181220165130-6c2976dd2323/go.mod h1:DDx4OosYtP41pLSmm3WZS2+1rRNPhKPT/v05/6jFvZY=
github.com/pkg/errors v0.8.0 h1:WdK/asTD0HN+q6hsWO3/vpuAkAr+tw6aNJNDFFf0+qw=
github.com/pkg/errors v0.8.0/go.mod h1:bwawxfHBFNV+L2hUp1rHADufV3IMtnDRdf1r5NINEl0=
golang.org/x/net v0.0.0-20171024115130-4b14673ba32b h1:gLAd8PDHbxH9wEJTKja0iETNXqtTDcrjeSNA/4T8yb0=
golang.org/x/net v0.0.0-20171024115130-4b14673ba32b/go.mod h1:mL1N/T3taQHkDXs73rZJwtUhF3w3ftmwwsq0BUmARs4=
golang.org/x/sys v0.0.0-20171026072640-3e3646d2c706/go.mod h1:STP8DvDyc/dI5b8T5hshtkjS+E42TnysNCUPdjciGhY=
